
Microsoft Visual Studio Solution File, Format Version 12.00
# Visual Studio Version 17
VisualStudioVersion = 17.9.34714.143
MinimumVisualStudioVersion = 10.0.40219.1
Project("{8BC9CEB8-8B4A-11D0-8D11-00A0C91BC942}") = "lab4", "lab4\lab4.vcxproj", "{B15593DF-34E9-4EC1-8FFB-D222BB6A0ACB}"
EndProject
Global
	GlobalSection(SolutionConfigurationPlatforms) = preSolution
		Debug|x64 = Debug|x64
		Debug|x86 = Debug|x86
		Release|x64 = Release|x64
		Release|x86 = Release|x86
	EndGlobalSection
	GlobalSection(ProjectConfigurationPlatforms) = postSolution
		{B15593DF-34E9-4EC1-8FFB-D222BB6A0ACB}.Debug|x64.ActiveCfg = Debug|x64
		{B15593DF-34E9-4EC1-8FFB-D222BB6A0ACB}.Debug|x64.Build.0 = Debug|x64
		{B15593DF-34E9-4EC1-8FFB-D222BB6A0ACB}.Debug|x86.ActiveCfg = Debug|Win32
		{B15593DF-34E9-4EC1-8FFB-D222BB6A0ACB}.Debug|x86.Build.0 = Debug|Win32
		{B15593DF-34E9-4EC1-8FFB-D222BB6A0ACB}.Release|x64.ActiveCfg = Release|x64
		{B15593DF-34E9-4EC1-8FFB-D222BB6A0ACB}.Release|x64.Build.0 = Release|x64
		{B15593DF-34E9-4EC1-8FFB-D222BB6A0ACB}.Release|x86.ActiveCfg = Release|Win32
		{B15593DF-34E9-4EC1-8FFB-D222BB6A0ACB}.Release|x86.Build.0 = Release|Win32
	EndGlobalSection
	GlobalSection(SolutionProperties) = preSolution
		HideSolutionNode = FALSE
	EndGlobalSection
	GlobalSection(ExtensibilityGlobals) = postSolution
		SolutionGuid = {EE6E14B6-0FBB-4996-81C3-2EC0A245E578}
	EndGlobalSection
EndGlobal
